
Microsoft Visual Studio Solution File, Format Version 12.00
Project("{2150E333-8FDC-42A3-9474-1A3956D46DE8}") = "Ingestion", "Ingestion", "{F790A0BE-447D-42FC-9819-AF8C43B97B12}"
EndProject
Project("{FAE04EC0-301F-11D3-BF4B-00C04F79EFBC}") = "Ingestion.Dominio", "Ingestion\Ingestion.Dominio\Ingestion.Dominio.csproj", "{3ECA8171-923D-4468-9453-A67FC4913B48}"
EndProject
Project("{FAE04EC0-301F-11D3-BF4B-00C04F79EFBC}") = "Ingestion.Infraestructura", "Ingestion\Ingestion.Infraestructura\Ingestion.Infraestructura.csproj", "{EE3125B4-18CA-4F76-969E-3B542FBA5EF6}"
EndProject
Project("{FAE04EC0-301F-11D3-BF4B-00C04F79EFBC}") = "Ingestion.Aplicacion", "Ingestion\Ingestion.Aplicacion\Ingestion.Aplicacion.csproj", "{882B1F44-58E8-499F-BDDF-B5DF20DC4E95}"
EndProject
Project("{2150E333-8FDC-42A3-9474-1A3956D46DE8}") = "Distribucion", "Distribucion", "{670E141C-EB16-479C-B424-0E4AFDAE8F33}"
EndProject
Project("{FAE04EC0-301F-11D3-BF4B-00C04F79EFBC}") = "Consulta.Dominio", "Distribucion\Consulta.Dominio\Consulta.Dominio.csproj", "{A1245DCA-955D-4CD7-913E-CD9E6FF9ACF4}"
EndProject
Project("{FAE04EC0-301F-11D3-BF4B-00C04F79EFBC}") = "Consulta.Infraestructura", "Distribucion\Consulta.Infraestructura\Consulta.Infraestructura.csproj", "{0903D048-F883-4703-B32B-BE3AA1D1F5EF}"
EndProject
Project("{FAE04EC0-301F-11D3-BF4B-00C04F79EFBC}") = "Consulta.Aplicacion", "Distribucion\Consulta.Aplicacion\Consulta.Aplicacion.csproj", "{31968243-95A4-4C1B-AD97-73776A1363A7}"
EndProject
Project("{2150E333-8FDC-42A3-9474-1A3956D46DE8}") = "Core", "Core", "{797338FD-43B0-4EA2-9D36-CAB5C26303FF}"
EndProject
Project("{FAE04EC0-301F-11D3-BF4B-00C04F79EFBC}") = "Core.Dominio", "Core\Core.Dominio\Core.Dominio.csproj", "{C0B1F597-AA18-438C-90A4-801DA03D30BD}"
EndProject
Project("{FAE04EC0-301F-11D3-BF4B-00C04F79EFBC}") = "Core.Infraestructura", "Core\Core.Infraestructura\Core.Infraestructura.csproj", "{DC9C71C3-ADC7-4CDB-9F10-DACD2F87DD2C}"
EndProject
Project("{FAE04EC0-301F-11D3-BF4B-00C04F79EFBC}") = "Consulta.Aplicacion.Modalidad", "Distribucion\Consulta.Aplicacion.Modalidad\Consulta.Aplicacion.Modalidad.csproj", "{63C6E674-1DE0-4C3F-8E50-31571CE2701B}"
EndProject
Global
	GlobalSection(SolutionConfigurationPlatforms) = preSolution
		Debug|Any CPU = Debug|Any CPU
		Release|Any CPU = Release|Any CPU
	EndGlobalSection
	GlobalSection(NestedProjects) = preSolution
		{3ECA8171-923D-4468-9453-A67FC4913B48} = {F790A0BE-447D-42FC-9819-AF8C43B97B12}
		{EE3125B4-18CA-4F76-969E-3B542FBA5EF6} = {F790A0BE-447D-42FC-9819-AF8C43B97B12}
		{882B1F44-58E8-499F-BDDF-B5DF20DC4E95} = {F790A0BE-447D-42FC-9819-AF8C43B97B12}
		{A1245DCA-955D-4CD7-913E-CD9E6FF9ACF4} = {670E141C-EB16-479C-B424-0E4AFDAE8F33}
		{0903D048-F883-4703-B32B-BE3AA1D1F5EF} = {670E141C-EB16-479C-B424-0E4AFDAE8F33}
		{31968243-95A4-4C1B-AD97-73776A1363A7} = {670E141C-EB16-479C-B424-0E4AFDAE8F33}
		{C0B1F597-AA18-438C-90A4-801DA03D30BD} = {797338FD-43B0-4EA2-9D36-CAB5C26303FF}
		{DC9C71C3-ADC7-4CDB-9F10-DACD2F87DD2C} = {797338FD-43B0-4EA2-9D36-CAB5C26303FF}
		{63C6E674-1DE0-4C3F-8E50-31571CE2701B} = {670E141C-EB16-479C-B424-0E4AFDAE8F33}
	EndGlobalSection
	GlobalSection(ProjectConfigurationPlatforms) = postSolution
		{3ECA8171-923D-4468-9453-A67FC4913B48}.Debug|Any CPU.ActiveCfg = Debug|Any CPU
		{3ECA8171-923D-4468-9453-A67FC4913B48}.Debug|Any CPU.Build.0 = Debug|Any CPU
		{3ECA8171-923D-4468-9453-A67FC4913B48}.Release|Any CPU.ActiveCfg = Release|Any CPU
		{3ECA8171-923D-4468-9453-A67FC4913B48}.Release|Any CPU.Build.0 = Release|Any CPU
		{EE3125B4-18CA-4F76-969E-3B542FBA5EF6}.Debug|Any CPU.ActiveCfg = Debug|Any CPU
		{EE3125B4-18CA-4F76-969E-3B542FBA5EF6}.Debug|Any CPU.Build.0 = Debug|Any CPU
		{EE3125B4-18CA-4F76-969E-3B542FBA5EF6}.Release|Any CPU.ActiveCfg = Release|Any CPU
		{EE3125B4-18CA-4F76-969E-3B542FBA5EF6}.Release|Any CPU.Build.0 = Release|Any CPU
		{882B1F44-58E8-499F-BDDF-B5DF20DC4E95}.Debug|Any CPU.ActiveCfg = Debug|Any CPU
		{882B1F44-58E8-499F-BDDF-B5DF20DC4E95}.Debug|Any CPU.Build.0 = Debug|Any CPU
		{882B1F44-58E8-499F-BDDF-B5DF20DC4E95}.Release|Any CPU.ActiveCfg = Release|Any CPU
		{882B1F44-58E8-499F-BDDF-B5DF20DC4E95}.Release|Any CPU.Build.0 = Release|Any CPU
		{A1245DCA-955D-4CD7-913E-CD9E6FF9ACF4}.Debug|Any CPU.ActiveCfg = Debug|Any CPU
		{A1245DCA-955D-4CD7-913E-CD9E6FF9ACF4}.Debug|Any CPU.Build.0 = Debug|Any CPU
		{A1245DCA-955D-4CD7-913E-CD9E6FF9ACF4}.Release|Any CPU.ActiveCfg = Release|Any CPU
		{A1245DCA-955D-4CD7-913E-CD9E6FF9ACF4}.Release|Any CPU.Build.0 = Release|Any CPU
		{0903D048-F883-4703-B32B-BE3AA1D1F5EF}.Debug|Any CPU.ActiveCfg = Debug|Any CPU
		{0903D048-F883-4703-B32B-BE3AA1D1F5EF}.Debug|Any CPU.Build.0 = Debug|Any CPU
		{0903D048-F883-4703-B32B-BE3AA1D1F5EF}.Release|Any CPU.ActiveCfg = Release|Any CPU
		{0903D048-F883-4703-B32B-BE3AA1D1F5EF}.Release|Any CPU.Build.0 = Release|Any CPU
		{31968243-95A4-4C1B-AD97-73776A1363A7}.Debug|Any CPU.ActiveCfg = Debug|Any CPU
		{31968243-95A4-4C1B-AD97-73776A1363A7}.Debug|Any CPU.Build.0 = Debug|Any CPU
		{31968243-95A4-4C1B-AD97-73776A1363A7}.Release|Any CPU.ActiveCfg = Release|Any CPU
		{31968243-95A4-4C1B-AD97-73776A1363A7}.Release|Any CPU.Build.0 = Release|Any CPU
		{C0B1F597-AA18-438C-90A4-801DA03D30BD}.Debug|Any CPU.ActiveCfg = Debug|Any CPU
		{C0B1F597-AA18-438C-90A4-801DA03D30BD}.Debug|Any CPU.Build.0 = Debug|Any CPU
		{C0B1F597-AA18-438C-90A4-801DA03D30BD}.Release|Any CPU.ActiveCfg = Release|Any CPU
		{C0B1F597-AA18-438C-90A4-801DA03D30BD}.Release|Any CPU.Build.0 = Release|Any CPU
		{DC9C71C3-ADC7-4CDB-9F10-DACD2F87DD2C}.Debug|Any CPU.ActiveCfg = Debug|Any CPU
		{DC9C71C3-ADC7-4CDB-9F10-DACD2F87DD2C}.Debug|Any CPU.Build.0 = Debug|Any CPU
		{DC9C71C3-ADC7-4CDB-9F10-DACD2F87DD2C}.Release|Any CPU.ActiveCfg = Release|Any CPU
		{DC9C71C3-ADC7-4CDB-9F10-DACD2F87DD2C}.Release|Any CPU.Build.0 = Release|Any CPU
		{63C6E674-1DE0-4C3F-8E50-31571CE2701B}.Debug|Any CPU.ActiveCfg = Debug|Any CPU
		{63C6E674-1DE0-4C3F-8E50-31571CE2701B}.Debug|Any CPU.Build.0 = Debug|Any CPU
		{63C6E674-1DE0-4C3F-8E50-31571CE2701B}.Release|Any CPU.ActiveCfg = Release|Any CPU
		{63C6E674-1DE0-4C3F-8E50-31571CE2701B}.Release|Any CPU.Build.0 = Release|Any CPU
	EndGlobalSection
EndGlobal
